
Microsoft Visual Studio Solution File, Format Version 12.00
# Visual Studio Version 17
VisualStudioVersion = 17.0.31903.59
MinimumVisualStudioVersion = 10.0.40219.1
Project("{2150E333-8FDC-42A3-9474-1A3956D46DE8}") = "src", "src", "{827E0CD3-B72D-47B6-A68D-7590B98EB39B}"
EndProject
Project("{FAE04EC0-301F-11D3-BF4B-00C04F79EFBC}") = "FakeLynx", "src\FakeLynx\FakeLynx.csproj", "{4CB3A5F0-774D-42E3-ABBB-B37430AE4688}"
EndProject
Project("{FAE04EC0-301F-11D3-BF4B-00C04F79EFBC}") = "FakeLynx.Tests", "tests\FakeLynx.Tests\FakeLynx.Tests.csproj", "{EE75D3EE-47C2-4F4D-AF25-4F7456FA387E}"
EndProject
Global
	GlobalSection(SolutionConfigurationPlatforms) = preSolution
		Debug|Any CPU = Debug|Any CPU
		Debug|x64 = Debug|x64
		Debug|x86 = Debug|x86
		Release|Any CPU = Release|Any CPU
		Release|x64 = Release|x64
		Release|x86 = Release|x86
	EndGlobalSection
	GlobalSection(ProjectConfigurationPlatforms) = postSolution
		{4CB3A5F0-774D-42E3-ABBB-B37430AE4688}.Debug|Any CPU.ActiveCfg = Debug|Any CPU
		{4CB3A5F0-774D-42E3-ABBB-B37430AE4688}.Debug|Any CPU.Build.0 = Debug|Any CPU
		{4CB3A5F0-774D-42E3-ABBB-B37430AE4688}.Debug|x64.ActiveCfg = Debug|Any CPU
		{4CB3A5F0-774D-42E3-ABBB-B37430AE4688}.Debug|x64.Build.0 = Debug|Any CPU
		{4CB3A5F0-774D-42E3-ABBB-B37430AE4688}.Debug|x86.ActiveCfg = Debug|Any CPU
		{4CB3A5F0-774D-42E3-ABBB-B37430AE4688}.Debug|x86.Build.0 = Debug|Any CPU
		{4CB3A5F0-774D-42E3-ABBB-B37430AE4688}.Release|Any CPU.ActiveCfg = Release|Any CPU
		{4CB3A5F0-774D-42E3-ABBB-B37430AE4688}.Release|Any CPU.Build.0 = Release|Any CPU
		{4CB3A5F0-774D-42E3-ABBB-B37430AE4688}.Release|x64.ActiveCfg = Release|Any CPU
		{4CB3A5F0-774D-42E3-ABBB-B37430AE4688}.Release|x64.Build.0 = Release|Any CPU
		{4CB3A5F0-774D-42E3-ABBB-B37430AE4688}.Release|x86.ActiveCfg = Release|Any CPU
		{4CB3A5F0-774D-42E3-ABBB-B37430AE4688}.Release|x86.Build.0 = Release|Any CPU
		{EE75D3EE-47C2-4F4D-AF25-4F7456FA387E}.Debug|Any CPU.ActiveCfg = Debug|Any CPU
		{EE75D3EE-47C2-4F4D-AF25-4F7456FA387E}.Debug|Any CPU.Build.0 = Debug|Any CPU
		{EE75D3EE-47C2-4F4D-AF25-4F7456FA387E}.Debug|x64.ActiveCfg = Debug|Any CPU
		{EE75D3EE-47C2-4F4D-AF25-4F7456FA387E}.Debug|x64.Build.0 = Debug|Any CPU
		{EE75D3EE-47C2-4F4D-AF25-4F7456FA387E}.Debug|x86.ActiveCfg = Debug|Any CPU
		{EE75D3EE-47C2-4F4D-AF25-4F7456FA387E}.Debug|x86.Build.0 = Debug|Any CPU
		{EE75D3EE-47C2-4F4D-AF25-4F7456FA387E}.Release|Any CPU.ActiveCfg = Release|Any CPU
		{EE75D3EE-47C2-4F4D-AF25-4F7456FA387E}.Release|Any CPU.Build.0 = Release|Any CPU
		{EE75D3EE-47C2-4F4D-AF25-4F7456FA387E}.Release|x64.ActiveCfg = Release|Any CPU
		{EE75D3EE-47C2-4F4D-AF25-4F7456FA387E}.Release|x64.Build.0 = Release|Any CPU
		{EE75D3EE-47C2-4F4D-AF25-4F7456FA387E}.Release|x86.ActiveCfg = Release|Any CPU
		{EE75D3EE-47C2-4F4D-AF25-4F7456FA387E}.Release|x86.Build.0 = Release|Any CPU
	EndGlobalSection
	GlobalSection(SolutionProperties) = preSolution
		HideSolutionNode = FALSE
	EndGlobalSection
	GlobalSection(NestedProjects) = preSolution
		{4CB3A5F0-774D-42E3-ABBB-B37430AE4688} = {827E0CD3-B72D-47B6-A68D-7590B98EB39B}
		{EE75D3EE-47C2-4F4D-AF25-4F7456FA387E} = {827E0CD3-B72D-47B6-A68D-7590B98EB39B}
	EndGlobalSection
EndGlobal
